
Microsoft Visual Studio Solution File, Format Version 12.00
# Visual Studio Version 17
VisualStudioVersion = 17.7.34024.191
MinimumVisualStudioVersion = 10.0.40219.1
Project("{FAE04EC0-301F-11D3-BF4B-00C04F79EFBC}") = "TestDotnetPublish", "TestDotnetPublish\TestDotnetPublish.csproj", "{785FDA1F-9D1B-4D2E-B221-E9E773D9306A}"
EndProject
Global
	GlobalSection(SolutionConfigurationPlatforms) = preSolution
		Debug|Any CPU = Debug|Any CPU
		Release|Any CPU = Release|Any CPU
	EndGlobalSection
	GlobalSection(ProjectConfigurationPlatforms) = postSolution
		{785FDA1F-9D1B-4D2E-B221-E9E773D9306A}.Debug|Any CPU.ActiveCfg = Debug|Any CPU
		{785FDA1F-9D1B-4D2E-B221-E9E773D9306A}.Debug|Any CPU.Build.0 = Debug|Any CPU
		{785FDA1F-9D1B-4D2E-B221-E9E773D9306A}.Release|Any CPU.ActiveCfg = Release|Any CPU
		{785FDA1F-9D1B-4D2E-B221-E9E773D9306A}.Release|Any CPU.Build.0 = Release|Any CPU
	EndGlobalSection
	GlobalSection(SolutionProperties) = preSolution
		HideSolutionNode = FALSE
	EndGlobalSection
	GlobalSection(ExtensibilityGlobals) = postSolution
		SolutionGuid = {F8E4664F-486E-488F-87C8-A132CAD7EF03}
	EndGlobalSection
EndGlobal
